
Microsoft Visual Studio Solution File, Format Version 12.00
# Visual Studio 15
Project("{FAE04EC0-301F-11D3-BF4B-00C04F79EFBC}") = "UnityEngine.UI", "UnityEngine.UI.csproj", "{A733F784-729E-A89E-6432-061322D151BF}"
EndProject
Project("{FAE04EC0-301F-11D3-BF4B-00C04F79EFBC}") = "Assembly-CSharp", "Assembly-CSharp.csproj", "{E7620350-752C-EB42-127D-D4E7A12793F2}"
EndProject
Project("{FAE04EC0-301F-11D3-BF4B-00C04F79EFBC}") = "Unity.2D.Sprite.Editor", "Unity.2D.Sprite.Editor.csproj", "{EC8682E0-F44D-B98A-2B25-89A2A275E4E2}"
EndProject
Project("{FAE04EC0-301F-11D3-BF4B-00C04F79EFBC}") = "UnityEditor.UI", "UnityEditor.UI.csproj", "{B84D4DEA-4A09-5895-9A47-F08669D2048C}"
EndProject
Project("{FAE04EC0-301F-11D3-BF4B-00C04F79EFBC}") = "Unity.2D.Tilemap.Editor", "Unity.2D.Tilemap.Editor.csproj", "{8835A9D2-7526-8C85-96FD-D666CC2F547A}"
EndProject
Global
	GlobalSection(SolutionConfigurationPlatforms) = preSolution
		Debug|Any CPU = Debug|Any CPU
		Release|Any CPU = Release|Any CPU
	EndGlobalSection
	GlobalSection(ProjectConfigurationPlatforms) = postSolution
		{A733F784-729E-A89E-6432-061322D151BF}.Debug|Any CPU.ActiveCfg = Debug|Any CPU
		{A733F784-729E-A89E-6432-061322D151BF}.Debug|Any CPU.Build.0 = Debug|Any CPU
		{A733F784-729E-A89E-6432-061322D151BF}.Release|Any CPU.ActiveCfg = Release|Any CPU
		{A733F784-729E-A89E-6432-061322D151BF}.Release|Any CPU.Build.0 = Release|Any CPU
		{E7620350-752C-EB42-127D-D4E7A12793F2}.Debug|Any CPU.ActiveCfg = Debug|Any CPU
		{E7620350-752C-EB42-127D-D4E7A12793F2}.Debug|Any CPU.Build.0 = Debug|Any CPU
		{E7620350-752C-EB42-127D-D4E7A12793F2}.Release|Any CPU.ActiveCfg = Release|Any CPU
		{E7620350-752C-EB42-127D-D4E7A12793F2}.Release|Any CPU.Build.0 = Release|Any CPU
		{EC8682E0-F44D-B98A-2B25-89A2A275E4E2}.Debug|Any CPU.ActiveCfg = Debug|Any CPU
		{EC8682E0-F44D-B98A-2B25-89A2A275E4E2}.Debug|Any CPU.Build.0 = Debug|Any CPU
		{EC8682E0-F44D-B98A-2B25-89A2A275E4E2}.Release|Any CPU.ActiveCfg = Release|Any CPU
		{EC8682E0-F44D-B98A-2B25-89A2A275E4E2}.Release|Any CPU.Build.0 = Release|Any CPU
		{B84D4DEA-4A09-5895-9A47-F08669D2048C}.Debug|Any CPU.ActiveCfg = Debug|Any CPU
		{B84D4DEA-4A09-5895-9A47-F08669D2048C}.Debug|Any CPU.Build.0 = Debug|Any CPU
		{B84D4DEA-4A09-5895-9A47-F08669D2048C}.Release|Any CPU.ActiveCfg = Release|Any CPU
		{B84D4DEA-4A09-5895-9A47-F08669D2048C}.Release|Any CPU.Build.0 = Release|Any CPU
		{8835A9D2-7526-8C85-96FD-D666CC2F547A}.Debug|Any CPU.ActiveCfg = Debug|Any CPU
		{8835A9D2-7526-8C85-96FD-D666CC2F547A}.Debug|Any CPU.Build.0 = Debug|Any CPU
		{8835A9D2-7526-8C85-96FD-D666CC2F547A}.Release|Any CPU.ActiveCfg = Release|Any CPU
		{8835A9D2-7526-8C85-96FD-D666CC2F547A}.Release|Any CPU.Build.0 = Release|Any CPU
	EndGlobalSection
	GlobalSection(SolutionProperties) = preSolution
		HideSolutionNode = FALSE
	EndGlobalSection
EndGlobal
